
Microsoft Visual Studio Solution File, Format Version 12.00
# Visual Studio 2013
VisualStudioVersion = 12.0.21005.1
MinimumVisualStudioVersion = 10.0.40219.1
Project("{8BC9CEB8-8B4A-11D0-8D11-00A0C91BC942}") = "sizeof函数", "sizeof函数\sizeof函数.vcxproj", "{E843B17B-6967-4C89-B0D9-111C1040C8ED}"
EndProject
Global
	GlobalSection(SolutionConfigurationPlatforms) = preSolution
		Debug|Win32 = Debug|Win32
		Release|Win32 = Release|Win32
	EndGlobalSection
	GlobalSection(ProjectConfigurationPlatforms) = postSolution
		{E843B17B-6967-4C89-B0D9-111C1040C8ED}.Debug|Win32.ActiveCfg = Debug|Win32
		{E843B17B-6967-4C89-B0D9-111C1040C8ED}.Debug|Win32.Build.0 = Debug|Win32
		{E843B17B-6967-4C89-B0D9-111C1040C8ED}.Release|Win32.ActiveCfg = Release|Win32
		{E843B17B-6967-4C89-B0D9-111C1040C8ED}.Release|Win32.Build.0 = Release|Win32
	EndGlobalSection
	GlobalSection(SolutionProperties) = preSolution
		HideSolutionNode = FALSE
	EndGlobalSection
EndGlobal
